hash: fa8db09f0f481edf4577ea0d4252c9e40e9b5512f73f39dd7675d04340741994
updated: 2020-04-25T15:56:13.166234825+01:00
imports:
- name: cloud.google.com/go
  version: 53898305c6f21b3c3eef34fcff6c61a2cb36f602
  subpackages:
  - compute/metadata
  - firestore
  - firestore/apiv1
  - iam
  - internal
  - internal/btree
  - internal/fields
  - internal/optional
  - internal/trace
  - internal/version
  - storage
- name: firebase.google.com/go
  version: 4343fa831fed5b1bfeaa0d9824db99c78a5e261d
  subpackages:
  - auth
  - db
  - iid
  - internal
  - messaging
  - storage
- name: github.com/BurntSushi/toml
  version: 3012a1dbe2e4bd1391d42b32f0577cb7bbc7f005
- name: github.com/golang/groupcache
  version: 8c9f03a8e57eb486e42badaed3fb287da51807ba
  subpackages:
  - lru
- name: github.com/golang/protobuf
  version: fa093f59480c0adaaabf88a72a0b0e48b95aec25
  subpackages:
  - internal/gengogrpc
  - proto
  - protoc-gen-go
  - protoc-gen-go/descriptor
  - ptypes
  - ptypes/any
  - ptypes/duration
  - ptypes/empty
  - ptypes/struct
  - ptypes/timestamp
  - ptypes/wrappers
- name: github.com/google/go-cmp
  version: cb8c7f84fcfb230736f1e5922b3132f47bc88500
  subpackages:
  - cmp
  - cmp/internal/diff
  - cmp/internal/flags
  - cmp/internal/function
  - cmp/internal/value
- name: github.com/google/uuid
  version: bd451584982ecf4ca5b1e5938cf168e17e30d837
- name: github.com/googleapis/gax-go
  version: be11bb253a768098254dc71e95d1a81ced778de3
  subpackages:
  - v2
- name: github.com/gorilla/schema
  version: 61751c9687439bf8cd824ad7eec0d21db1a1b804
- name: github.com/jstemmer/go-junit-report
  version: 984a47ca6b0a7d704c4b589852051b4d7865aa17
  subpackages:
  - formatter
  - parser
- name: github.com/lib/pq
  version: 356e267cd3f45ee1303b7d8765e3583cb949950e
  subpackages:
  - oid
  - scram
- name: go.opencensus.io
  version: 46dfec7deb6e8c5d4a46f355c0da7c6d6dc59ba4
  subpackages:
  - internal
  - internal/tagencoding
  - metric/metricdata
  - metric/metricproducer
  - plugin/ocgrpc
  - plugin/ochttp
  - plugin/ochttp/propagation/b3
  - resource
  - stats
  - stats/internal
  - stats/view
  - tag
  - trace
  - trace/internal
  - trace/propagation
  - trace/tracestate
- name: golang.org/x/lint
  version: 738671d3881b9731cc63024d5d88cf28db875626
  subpackages:
  - golint
- name: golang.org/x/mod
  version: 2addee1ccfb22349ab47953a3046338e461eb4d1
  subpackages:
  - module
  - semver
- name: golang.org/x/net
  version: e086a090c8fdb9982880f0fb6e3db47af1856533
  subpackages:
  - context
  - context/ctxhttp
  - http/httpguts
  - http2
  - http2/hpack
  - idna
  - internal/timeseries
  - trace
- name: golang.org/x/oauth2
  version: bf48bf16ab8d622ce64ec6ce98d2c98f916b6303
  subpackages:
  - google
  - internal
  - jws
  - jwt
- name: golang.org/x/sys
  version: 1957bb5e6d1f523308b49060df02171d06ddfc77
  subpackages:
  - unix
- name: golang.org/x/text
  version: 06d492aade888ab8698aad35476286b7b555c961
  subpackages:
  - secure/bidirule
  - transform
  - unicode/bidi
  - unicode/norm
- name: golang.org/x/tools
  version: 8463f397d07cfd2b3f1442fb1daa5e6bc2178a6e
  subpackages:
  - cmd/goimports
  - go/analysis
  - go/analysis/passes/inspect
  - go/ast/astutil
  - go/ast/inspector
  - go/buildutil
  - go/gcexportdata
  - go/internal/cgo
  - go/internal/gcimporter
  - go/internal/packagesdriver
  - go/loader
  - go/packages
  - go/types/objectpath
  - go/types/typeutil
  - internal/analysisinternal
  - internal/event
  - internal/event/core
  - internal/event/keys
  - internal/event/label
  - internal/fastwalk
  - internal/gocommand
  - internal/gopathwalk
  - internal/imports
  - internal/packagesinternal
- name: golang.org/x/xerrors
  version: 9bdfabe68543c54f90421aeb9a60ef8061b5b544
  subpackages:
  - internal
- name: google.golang.org/api
  version: 1634e000610d7d11fc2106e56e382c86b7c84500
  subpackages:
  - googleapi
  - googleapi/transport
  - internal
  - internal/gensupport
  - internal/third_party/uritemplates
  - iterator
  - option
  - option/internaloption
  - storage/v1
  - transport
  - transport/cert
  - transport/grpc
  - transport/http
  - transport/http/internal/propagation
- name: google.golang.org/appengine
  version: 553959209a20f3be281c16dd5be5c740a893978f
  subpackages:
  - internal
  - internal/app_identity
  - internal/base
  - internal/datastore
  - internal/log
  - internal/modules
  - internal/remote_api
  - internal/socket
  - internal/urlfetch
  - socket
  - urlfetch
- name: google.golang.org/genproto
  version: bca184e23272c97429f0cb78a825f71ede0635fc
  subpackages:
  - googleapis/api/annotations
  - googleapis/firestore/v1
  - googleapis/iam/v1
  - googleapis/rpc/code
  - googleapis/rpc/status
  - googleapis/type/expr
  - googleapis/type/latlng
- name: google.golang.org/grpc
  version: a3cc4f613d6d53278c2b5decf5d0987d0d3462cd
  subpackages:
  - attributes
  - backoff
  - balancer
  - balancer/base
  - balancer/grpclb
  - balancer/grpclb/grpc_lb_v1
  - balancer/roundrobin
  - binarylog/grpc_binarylog_v1
  - codes
  - connectivity
  - credentials
  - credentials/alts
  - credentials/alts/internal
  - credentials/alts/internal/authinfo
  - credentials/alts/internal/conn
  - credentials/alts/internal/handshaker
  - credentials/alts/internal/handshaker/service
  - credentials/alts/internal/proto/grpc_gcp
  - credentials/google
  - credentials/internal
  - credentials/oauth
  - encoding
  - encoding/proto
  - grpclog
  - internal
  - internal/backoff
  - internal/balancerload
  - internal/binarylog
  - internal/buffer
  - internal/channelz
  - internal/envconfig
  - internal/grpclog
  - internal/grpcrand
  - internal/grpcsync
  - internal/grpcutil
  - internal/resolver/dns
  - internal/resolver/passthrough
  - internal/serviceconfig
  - internal/status
  - internal/syscall
  - internal/transport
  - keepalive
  - metadata
  - naming
  - peer
  - resolver
  - serviceconfig
  - stats
  - status
  - tap
- name: google.golang.org/protobuf
  version: b57aae9defbc3e3ce7daed74b0c4d7a57550c933
  subpackages:
  - cmd/protoc-gen-go/internal_gengo
  - compiler/protogen
  - encoding/prototext
  - encoding/protowire
  - internal/descfmt
  - internal/descopts
  - internal/detrand
  - internal/encoding/defval
  - internal/encoding/messageset
  - internal/encoding/tag
  - internal/encoding/text
  - internal/errors
  - internal/fieldnum
  - internal/fieldsort
  - internal/filedesc
  - internal/filetype
  - internal/flags
  - internal/genname
  - internal/impl
  - internal/mapsort
  - internal/pragma
  - internal/set
  - internal/strs
  - internal/version
  - proto
  - reflect/protodesc
  - reflect/protoreflect
  - reflect/protoregistry
  - runtime/protoiface
  - runtime/protoimpl
  - types/descriptorpb
  - types/known/anypb
  - types/known/durationpb
  - types/known/emptypb
  - types/known/structpb
  - types/known/timestamppb
  - types/known/wrapperspb
  - types/pluginpb
- name: honnef.co/go/tools
  version: 7e758a3887f90d0ded5f0446112616758183866b
  subpackages:
  - arg
  - cmd/staticcheck
  - code
  - config
  - deprecated
  - edit
  - facts
  - functions
  - go/types/typeutil
  - internal/cache
  - internal/passes/buildir
  - internal/renameio
  - internal/robustio
  - internal/sharedcheck
  - ir
  - ir/irutil
  - lint
  - lint/lintdsl
  - lint/lintutil
  - lint/lintutil/format
  - loader
  - pattern
  - printf
  - report
  - simple
  - staticcheck
  - stylecheck
  - unused
  - version
testImports: []
