hash: ef1f9b5b2e31828e180b4ced71462a55847f9d6757519f86fd1ea53acfaa3b7a
updated: 2020-04-13T21:47:53.656534402+01:00
imports:
- name: cloud.google.com/go
  version: 51eb5ee54e44743973ca6a638660fd1067b17365
  subpackages:
  - compute/metadata
  - firestore
  - firestore/apiv1
  - iam
  - internal
  - internal/btree
  - internal/fields
  - internal/optional
  - internal/trace
  - internal/version
  - storage
- name: firebase.google.com/go
  version: e088f55036154f0cccf661992f854abd8fb1333f
  subpackages:
  - auth
  - db
  - iid
  - internal
  - messaging
  - storage
- name: github.com/BurntSushi/toml
  version: 3012a1dbe2e4bd1391d42b32f0577cb7bbc7f005
- name: github.com/golang/groupcache
  version: 8c9f03a8e57eb486e42badaed3fb287da51807ba
  subpackages:
  - lru
- name: github.com/golang/protobuf
  version: 1b794fe86dd6a0c7c52ae69b5c9cb0aeedc52afa
  subpackages:
  - internal/gengogrpc
  - proto
  - protoc-gen-go
  - protoc-gen-go/descriptor
  - ptypes
  - ptypes/any
  - ptypes/duration
  - ptypes/empty
  - ptypes/struct
  - ptypes/timestamp
  - ptypes/wrappers
- name: github.com/google/go-cmp
  version: cb8c7f84fcfb230736f1e5922b3132f47bc88500
  subpackages:
  - cmp
  - cmp/internal/diff
  - cmp/internal/flags
  - cmp/internal/function
  - cmp/internal/value
- name: github.com/google/uuid
  version: bd451584982ecf4ca5b1e5938cf168e17e30d837
- name: github.com/googleapis/gax-go
  version: be11bb253a768098254dc71e95d1a81ced778de3
  subpackages:
  - v2
- name: github.com/jstemmer/go-junit-report
  version: 984a47ca6b0a7d704c4b589852051b4d7865aa17
  subpackages:
  - formatter
  - parser
- name: github.com/lib/pq
  version: 356e267cd3f45ee1303b7d8765e3583cb949950e
  subpackages:
  - oid
  - scram
- name: go.opencensus.io
  version: 46dfec7deb6e8c5d4a46f355c0da7c6d6dc59ba4
  subpackages:
  - internal
  - internal/tagencoding
  - metric/metricdata
  - metric/metricproducer
  - plugin/ocgrpc
  - plugin/ochttp
  - plugin/ochttp/propagation/b3
  - resource
  - stats
  - stats/internal
  - stats/view
  - tag
  - trace
  - trace/internal
  - trace/propagation
  - trace/tracestate
- name: golang.org/x/lint
  version: 738671d3881b9731cc63024d5d88cf28db875626
  subpackages:
  - golint
- name: golang.org/x/mod
  version: b1723bd057d2ba4a33bdaed6e84427ea53f06076
  subpackages:
  - module
  - semver
- name: golang.org/x/net
  version: d3edc9973b7eb1fb302b0ff2c62357091cea9a30
  subpackages:
  - context
  - context/ctxhttp
  - http/httpguts
  - http2
  - http2/hpack
  - idna
  - internal/timeseries
  - trace
- name: golang.org/x/oauth2
  version: bf48bf16ab8d622ce64ec6ce98d2c98f916b6303
  subpackages:
  - google
  - internal
  - jws
  - jwt
- name: golang.org/x/sys
  version: 669c56c373c468cbe0f0c12b7939832b26088d33
  subpackages:
  - unix
- name: golang.org/x/text
  version: 06d492aade888ab8698aad35476286b7b555c961
  subpackages:
  - secure/bidirule
  - transform
  - unicode/bidi
  - unicode/norm
- name: golang.org/x/tools
  version: 250b2131eb8b6093aad664eb9012cf44c9f66b68
  subpackages:
  - cmd/goimports
  - go/analysis
  - go/analysis/passes/inspect
  - go/ast/astutil
  - go/ast/inspector
  - go/buildutil
  - go/gcexportdata
  - go/internal/cgo
  - go/internal/gcimporter
  - go/internal/packagesdriver
  - go/loader
  - go/packages
  - go/types/objectpath
  - go/types/typeutil
  - internal/analysisinternal
  - internal/fastwalk
  - internal/gocommand
  - internal/gopathwalk
  - internal/imports
  - internal/packagesinternal
  - internal/telemetry/event
- name: golang.org/x/xerrors
  version: 9bdfabe68543c54f90421aeb9a60ef8061b5b544
  subpackages:
  - internal
- name: google.golang.org/api
  version: c8cf5cff125e500044b60204f230024dcc49c3a3
  subpackages:
  - googleapi
  - googleapi/transport
  - internal
  - internal/gensupport
  - internal/third_party/uritemplates
  - iterator
  - option
  - option/internaloption
  - storage/v1
  - transport
  - transport/cert
  - transport/grpc
  - transport/http
  - transport/http/internal/propagation
- name: google.golang.org/appengine
  version: b6ce0843b556e44e6416df5c2fd05db0869cc8d4
  subpackages:
  - internal
  - internal/app_identity
  - internal/base
  - internal/datastore
  - internal/log
  - internal/modules
  - internal/remote_api
  - internal/socket
  - internal/urlfetch
  - socket
  - urlfetch
- name: google.golang.org/genproto
  version: b5235f65be3618aac92278c41932e3f9007a653a
  subpackages:
  - googleapis/api/annotations
  - googleapis/firestore/v1
  - googleapis/iam/v1
  - googleapis/rpc/code
  - googleapis/rpc/status
  - googleapis/type/expr
  - googleapis/type/latlng
- name: google.golang.org/grpc
  version: a783b25fe5e65c3d4eb0281d835ed1fa88b08365
  subpackages:
  - attributes
  - backoff
  - balancer
  - balancer/base
  - balancer/grpclb
  - balancer/grpclb/grpc_lb_v1
  - balancer/roundrobin
  - binarylog/grpc_binarylog_v1
  - codes
  - connectivity
  - credentials
  - credentials/alts
  - credentials/alts/internal
  - credentials/alts/internal/authinfo
  - credentials/alts/internal/conn
  - credentials/alts/internal/handshaker
  - credentials/alts/internal/handshaker/service
  - credentials/alts/internal/proto/grpc_gcp
  - credentials/google
  - credentials/internal
  - credentials/oauth
  - encoding
  - encoding/proto
  - grpclog
  - internal
  - internal/backoff
  - internal/balancerload
  - internal/binarylog
  - internal/buffer
  - internal/channelz
  - internal/envconfig
  - internal/grpclog
  - internal/grpcrand
  - internal/grpcsync
  - internal/grpcutil
  - internal/resolver/dns
  - internal/resolver/passthrough
  - internal/serviceconfig
  - internal/status
  - internal/syscall
  - internal/transport
  - keepalive
  - metadata
  - naming
  - peer
  - resolver
  - serviceconfig
  - stats
  - status
  - tap
- name: google.golang.org/protobuf
  version: 5e85542f16c96b08ecc9a90cf23a2737b0a1f528
  subpackages:
  - cmd/protoc-gen-go/internal_gengo
  - compiler/protogen
  - encoding/prototext
  - encoding/protowire
  - internal/descfmt
  - internal/descopts
  - internal/detrand
  - internal/encoding/defval
  - internal/encoding/messageset
  - internal/encoding/tag
  - internal/encoding/text
  - internal/errors
  - internal/fieldnum
  - internal/fieldsort
  - internal/filedesc
  - internal/filetype
  - internal/flags
  - internal/genname
  - internal/impl
  - internal/mapsort
  - internal/pragma
  - internal/set
  - internal/strs
  - internal/version
  - proto
  - reflect/protodesc
  - reflect/protoreflect
  - reflect/protoregistry
  - runtime/protoiface
  - runtime/protoimpl
  - types/descriptorpb
  - types/known/anypb
  - types/known/durationpb
  - types/known/emptypb
  - types/known/structpb
  - types/known/timestamppb
  - types/known/wrapperspb
  - types/pluginpb
- name: honnef.co/go/tools
  version: f5dad9985ec1f17637161853ddde7e976835b90d
  subpackages:
  - arg
  - cmd/staticcheck
  - code
  - config
  - deprecated
  - edit
  - facts
  - functions
  - go/types/typeutil
  - internal/cache
  - internal/passes/buildir
  - internal/renameio
  - internal/robustio
  - internal/sharedcheck
  - ir
  - ir/irutil
  - lint
  - lint/lintdsl
  - lint/lintutil
  - lint/lintutil/format
  - loader
  - pattern
  - printf
  - report
  - simple
  - staticcheck
  - stylecheck
  - unused
  - version
testImports: []
